// !$*UTF8*$!
{
	archiveVersion = 1;
	classes = {
	};
	objectVersion = 50;
	objects = {

/* Begin PBXBuildFile section */
		FA02F01621E1970C00D64D4E /* Animator.swift in Sources */ = {isa = PBXBuildFile; fileRef = FA02F01521E1970C00D64D4E /* Animator.swift */; };
		FA30DB9F21D9C97200A85EA1 /* AppDelegate.swift in Sources */ = {isa = PBXBuildFile; fileRef = FA30DB9E21D9C97200A85EA1 /* AppDelegate.swift */; };
		FA30DBA121D9C97200A85EA1 /* TimerViewController.swift in Sources */ = {isa = PBXBuildFile; fileRef = FA30DBA021D9C97200A85EA1 /* TimerViewController.swift */; };
		FA30DBA421D9C97200A85EA1 /* Main.storyboard in Resources */ = {isa = PBXBuildFile; fileRef = FA30DBA221D9C97200A85EA1 /* Main.storyboard */; };
		FA30DBA621D9C97300A85EA1 /* Assets.xcassets in Resources */ = {isa = PBXBuildFile; fileRef = FA30DBA521D9C97300A85EA1 /* Assets.xcassets */; };
		FA30DBA921D9C97300A85EA1 /* LaunchScreen.storyboard in Resources */ = {isa = PBXBuildFile; fileRef = FA30DBA721D9C97300A85EA1 /* LaunchScreen.storyboard */; };
		FA30DBB621D9D29600A85EA1 /* AlphaFramFilter.swift in Sources */ = {isa = PBXBuildFile; fileRef = FA30DBB521D9D29600A85EA1 /* AlphaFramFilter.swift */; };
		FA3DA92B21E2F5E0003CD918 /* Stripper.mp4 in Resources */ = {isa = PBXBuildFile; fileRef = FA3DA92A21E2F5E0003CD918 /* Stripper.mp4 */; };
		FA3DA93121E2F77C003CD918 /* pinklady.mp4 in Resources */ = {isa = PBXBuildFile; fileRef = FA3DA93021E2F77C003CD918 /* pinklady.mp4 */; };
/* End PBXBuildFile section */

/* Begin PBXCopyFilesBuildPhase section */
		FA12E54221DA83C200415D19 /* Embed Frameworks */ = {
			isa = PBXCopyFilesBuildPhase;
			buildActionMask = 2147483647;
			dstPath = "";
			dstSubfolderSpec = 10;
			files = (
			);
			name = "Embed Frameworks";
			runOnlyForDeploymentPostprocessing = 0;
		};
/* End PBXCopyFilesBuildPhase section */

/* Begin PBXFileReference section */
		FA02F01521E1970C00D64D4E /* Animator.swift */ = {isa = PBXFileReference; lastKnownFileType = sourcecode.swift; path = Animator.swift; sourceTree = "<group>"; };
		FA30DB9B21D9C97200A85EA1 /* DrBuzzTimer.app */ = {isa = PBXFileReference; explicitFileType = wrapper.application; includeInIndex = 0; path = DrBuzzTimer.app; sourceTree = BUILT_PRODUCTS_DIR; };
		FA30DB9E21D9C97200A85EA1 /* AppDelegate.swift */ = {isa = PBXFileReference; lastKnownFileType = sourcecode.swift; path = AppDelegate.swift; sourceTree = "<group>"; };
		FA30DBA021D9C97200A85EA1 /* TimerViewController.swift */ = {isa = PBXFileReference; lastKnownFileType = sourcecode.swift; path = TimerViewController.swift; sourceTree = "<group>"; };
		FA30DBA321D9C97200A85EA1 /* Base */ = {isa = PBXFileReference; lastKnownFileType = file.storyboard; name = Base; path = Base.lproj/Main.storyboard; sourceTree = "<group>"; };
		FA30DBA521D9C97300A85EA1 /* Assets.xcassets */ = {isa = PBXFileReference; lastKnownFileType = folder.assetcatalog; path = Assets.xcassets; sourceTree = "<group>"; };
		FA30DBA821D9C97300A85EA1 /* Base */ = {isa = PBXFileReference; lastKnownFileType = file.storyboard; name = Base; path = Base.lproj/LaunchScreen.storyboard; sourceTree = "<group>"; };
		FA30DBAA21D9C97300A85EA1 /* Info.plist */ = {isa = PBXFileReference; lastKnownFileType = text.plist.xml; path = Info.plist; sourceTree = "<group>"; };
		FA30DBB521D9D29600A85EA1 /* AlphaFramFilter.swift */ = {isa = PBXFileReference; lastKnownFileType = sourcecode.swift; path = AlphaFramFilter.swift; sourceTree = "<group>"; };
		FA3DA92A21E2F5E0003CD918 /* Stripper.mp4 */ = {isa = PBXFileReference; lastKnownFileType = file; path = Stripper.mp4; sourceTree = "<group>"; };
		FA3DA93021E2F77C003CD918 /* pinklady.mp4 */ = {isa = PBXFileReference; lastKnownFileType = file; path = pinklady.mp4; sourceTree = "<group>"; };
		FAE7CD6A22497A9400A2DA30 /* loopy.mp4 */ = {isa = PBXFileReference; lastKnownFileType = file; path = loopy.mp4; sourceTree = "<group>"; };
		FAE7CD6B22497A9D00A2DA30 /* hula.mp4 */ = {isa = PBXFileReference; lastKnownFileType = file; path = hula.mp4; sourceTree = "<group>"; };
		FAE7CD6E22497AB200A2DA30 /* trippy.mp4 */ = {isa = PBXFileReference; lastKnownFileType = file; path = trippy.mp4; sourceTree = "<group>"; };
/* End PBXFileReference section */

/* Begin PBXFrameworksBuildPhase section */
		FA30DB9821D9C97200A85EA1 /* Frameworks */ = {
			isa = PBXFrameworksBuildPhase;
			buildActionMask = 2147483647;
			files = (
			);
			runOnlyForDeploymentPostprocessing = 0;
		};
/* End PBXFrameworksBuildPhase section */

/* Begin PBXGroup section */
		FA02F01721E1974C00D64D4E /* MainViewController */ = {
			isa = PBXGroup;
			children = (
				FA30DBA021D9C97200A85EA1 /* TimerViewController.swift */,
				FA02F01521E1970C00D64D4E /* Animator.swift */,
				FA30DBB521D9D29600A85EA1 /* AlphaFramFilter.swift */,
			);
			path = MainViewController;
			sourceTree = "<group>";
		};
		FA30DB9221D9C97100A85EA1 = {
			isa = PBXGroup;
			children = (
				FA3DA93021E2F77C003CD918 /* pinklady.mp4 */,
				FA3DA92A21E2F5E0003CD918 /* Stripper.mp4 */,
				FAE7CD6A22497A9400A2DA30 /* loopy.mp4 */,
				FAE7CD6B22497A9D00A2DA30 /* hula.mp4 */,
				FAE7CD6E22497AB200A2DA30 /* trippy.mp4 */,
				FA30DB9D21D9C97200A85EA1 /* DrBuzzTimer */,
				FA30DB9C21D9C97200A85EA1 /* Products */,
			);
			sourceTree = "<group>";
		};
		FA30DB9C21D9C97200A85EA1 /* Products */ = {
			isa = PBXGroup;
			children = (
				FA30DB9B21D9C97200A85EA1 /* DrBuzzTimer.app */,
			);
			name = Products;
			sourceTree = "<group>";
		};
		FA30DB9D21D9C97200A85EA1 /* DrBuzzTimer */ = {
			isa = PBXGroup;
			children = (
				FA30DBA221D9C97200A85EA1 /* Main.storyboard */,
				FA30DBA521D9C97300A85EA1 /* Assets.xcassets */,
				FA02F01721E1974C00D64D4E /* MainViewController */,
				FA30DB9E21D9C97200A85EA1 /* AppDelegate.swift */,
				FA30DBA721D9C97300A85EA1 /* LaunchScreen.storyboard */,
				FA30DBAA21D9C97300A85EA1 /* Info.plist */,
			);
			path = DrBuzzTimer;
			sourceTree = "<group>";
		};
/* End PBXGroup section */

/* Begin PBXNativeTarget section */
		FA30DB9A21D9C97200A85EA1 /* DrBuzzTimer */ = {
			isa = PBXNativeTarget;
			buildConfigurationList = FA30DBAD21D9C97300A85EA1 /* Build configuration list for PBXNativeTarget "DrBuzzTimer" */;
			buildPhases = (
				FA30DB9721D9C97200A85EA1 /* Sources */,
				FA30DB9821D9C97200A85EA1 /* Frameworks */,
				FA30DB9921D9C97200A85EA1 /* Resources */,
				FA12E54221DA83C200415D19 /* Embed Frameworks */,
			);
			buildRules = (
			);
			dependencies = (
			);
			name = DrBuzzTimer;
			productName = DrBuzzTimer;
			productReference = FA30DB9B21D9C97200A85EA1 /* DrBuzzTimer.app */;
			productType = "com.apple.product-type.application";
		};
/* End PBXNativeTarget section */

/* Begin PBXProject section */
		FA30DB9321D9C97100A85EA1 /* Project object */ = {
			isa = PBXProject;
			attributes = {
				LastSwiftUpdateCheck = 1010;
				LastUpgradeCheck = 1010;
				ORGANIZATIONNAME = "Christian Burke";
				TargetAttributes = {
					FA30DB9A21D9C97200A85EA1 = {
						CreatedOnToolsVersion = 10.1;
					};
				};
			};
			buildConfigurationList = FA30DB9621D9C97100A85EA1 /* Build configuration list for PBXProject "DrBuzzTimer" */;
			compatibilityVersion = "Xcode 9.3";
			developmentRegion = en;
			hasScannedForEncodings = 0;
			knownRegions = (
				en,
				Base,
			);
			mainGroup = FA30DB9221D9C97100A85EA1;
			productRefGroup = FA30DB9C21D9C97200A85EA1 /* Products */;
			projectDirPath = "";
			projectRoot = "";
			targets = (
				FA30DB9A21D9C97200A85EA1 /* DrBuzzTimer */,
			);
		};
/* End PBXProject section */

/* Begin PBXResourcesBuildPhase section */
		FA30DB9921D9C97200A85EA1 /* Resources */ = {
			isa = PBXResourcesBuildPhase;
			buildActionMask = 2147483647;
			files = (
				FA30DBA921D9C97300A85EA1 /* LaunchScreen.storyboard in Resources */,
				FA30DBA621D9C97300A85EA1 /* Assets.xcassets in Resources */,
				FA30DBA421D9C97200A85EA1 /* Main.storyboard in Resources */,
				FA3DA92B21E2F5E0003CD918 /* Stripper.mp4 in Resources */,
				FA3DA93121E2F77C003CD918 /* pinklady.mp4 in Resources */,
			);
			runOnlyForDeploymentPostprocessing = 0;
		};
/* End PBXResourcesBuildPhase section */

/* Begin PBXSourcesBuildPhase section */
		FA30DB9721D9C97200A85EA1 /* Sources */ = {
			isa = PBXSourcesBuildPhase;
			buildActionMask = 2147483647;
			files = (
				FA02F01621E1970C00D64D4E /* Animator.swift in Sources */,
				FA30DBB621D9D29600A85EA1 /* AlphaFramFilter.swift in Sources */,
				FA30DBA121D9C97200A85EA1 /* TimerViewController.swift in Sources */,
				FA30DB9F21D9C97200A85EA1 /* AppDelegate.swift in Sources */,
			);
			runOnlyForDeploymentPostprocessing = 0;
		};
/* End PBXSourcesBuildPhase section */

/* Begin PBXVariantGroup section */
		FA30DBA221D9C97200A85EA1 /* Main.storyboard */ = {
			isa = PBXVariantGroup;
			children = (
				FA30DBA321D9C97200A85EA1 /* Base */,
			);
			name = Main.storyboard;
			sourceTree = "<group>";
		};
		FA30DBA721D9C97300A85EA1 /* LaunchScreen.storyboard */ = {
			isa = PBXVariantGroup;
			children = (
				FA30DBA821D9C97300A85EA1 /* Base */,
			);
			name = LaunchScreen.storyboard;
			sourceTree = "<group>";
		};
/* End PBXVariantGroup section */

/* Begin XCBuildConfiguration section */
		FA30DBAB21D9C97300A85EA1 /* Debug */ = {
			isa = XCBuildConfiguration;
			buildSettings = {
				ALWAYS_SEARCH_USER_PATHS = NO;
				CLANG_ANALYZER_NONNULL = YES;
				CLANG_ANALYZER_NUMBER_OBJECT_CONVERSION = YES_AGGRESSIVE;
				CLANG_CXX_LANGUAGE_STANDARD = "gnu++14";
				CLANG_CXX_LIBRARY = "libc++";
				CLANG_ENABLE_MODULES = YES;
				CLANG_ENABLE_OBJC_ARC = YES;
				CLANG_ENABLE_OBJC_WEAK = YES;
				CLANG_WARN_BLOCK_CAPTURE_AUTORELEASING = YES;
				CLANG_WARN_BOOL_CONVERSION = YES;
				CLANG_WARN_COMMA = YES;
				CLANG_WARN_CONSTANT_CONVERSION = YES;
				CLANG_WARN_DEPRECATED_OBJC_IMPLEMENTATIONS = YES;
				CLANG_WARN_DIRECT_OBJC_ISA_USAGE = YES_ERROR;
				CLANG_WARN_DOCUMENTATION_COMMENTS = YES;
				CLANG_WARN_EMPTY_BODY = YES;
				CLANG_WARN_ENUM_CONVERSION = YES;
				CLANG_WARN_INFINITE_RECURSION = YES;
				CLANG_WARN_INT_CONVERSION = YES;
				CLANG_WARN_NON_LITERAL_NULL_CONVERSION = YES;
				CLANG_WARN_OBJC_IMPLICIT_RETAIN_SELF = YES;
				CLANG_WARN_OBJC_LITERAL_CONVERSION = YES;
				CLANG_WARN_OBJC_ROOT_CLASS = YES_ERROR;
				CLANG_WARN_RANGE_LOOP_ANALYSIS = YES;
				CLANG_WARN_STRICT_PROTOTYPES = YES;
				CLANG_WARN_SUSPICIOUS_MOVE = YES;
				CLANG_WARN_UNGUARDED_AVAILABILITY = YES_AGGRESSIVE;
				CLANG_WARN_UNREACHABLE_CODE = YES;
				CLANG_WARN__DUPLICATE_METHOD_MATCH = YES;
				CODE_SIGN_IDENTITY = "iPhone Developer";
				COPY_PHASE_STRIP = NO;
				DEBUG_INFORMATION_FORMAT = dwarf;
				ENABLE_STRICT_OBJC_MSGSEND = YES;
				ENABLE_TESTABILITY = YES;
				GCC_C_LANGUAGE_STANDARD = gnu11;
				GCC_DYNAMIC_NO_PIC = NO;
				GCC_NO_COMMON_BLOCKS = YES;
				GCC_OPTIMIZATION_LEVEL = 0;
				GCC_PREPROCESSOR_DEFINITIONS = (
					"DEBUG=1",
					"$(inherited)",
				);
				GCC_WARN_64_TO_32_BIT_CONVERSION = YES;
				GCC_WARN_ABOUT_RETURN_TYPE = YES_ERROR;
				GCC_WARN_UNDECLARED_SELECTOR = YES;
				GCC_WARN_UNINITIALIZED_AUTOS = YES_AGGRESSIVE;
				GCC_WARN_UNUSED_FUNCTION = YES;
				GCC_WARN_UNUSED_VARIABLE = YES;
				IPHONEOS_DEPLOYMENT_TARGET = 12.1;
				MTL_ENABLE_DEBUG_INFO = INCLUDE_SOURCE;
				MTL_FAST_MATH = YES;
				ONLY_ACTIVE_ARCH = YES;
				SDKROOT = iphoneos;
				SWIFT_ACTIVE_COMPILATION_CONDITIONS = DEBUG;
				SWIFT_OPTIMIZATION_LEVEL = "-Onone";
			};
			name = Debug;
		};
		FA30DBAC21D9C97300A85EA1 /* Release */ = {
			isa = XCBuildConfiguration;
			buildSettings = {
				ALWAYS_SEARCH_USER_PATHS = NO;
				CLANG_ANALYZER_NONNULL = YES;
				CLANG_ANALYZER_NUMBER_OBJECT_CONVERSION = YES_AGGRESSIVE;
				CLANG_CXX_LANGUAGE_STANDARD = "gnu++14";
				CLANG_CXX_LIBRARY = "libc++";
				CLANG_ENABLE_MODULES = YES;
				CLANG_ENABLE_OBJC_ARC = YES;
				CLANG_ENABLE_OBJC_WEAK = YES;
				CLANG_WARN_BLOCK_CAPTURE_AUTORELEASING = YES;
				CLANG_WARN_BOOL_CONVERSION = YES;
				CLANG_WARN_COMMA = YES;
				CLANG_WARN_CONSTANT_CONVERSION = YES;
				CLANG_WARN_DEPRECATED_OBJC_IMPLEMENTATIONS = YES;
				CLANG_WARN_DIRECT_OBJC_ISA_USAGE = YES_ERROR;
				CLANG_WARN_DOCUMENTATION_COMMENTS = YES;
				CLANG_WARN_EMPTY_BODY = YES;
				CLANG_WARN_ENUM_CONVERSION = YES;
				CLANG_WARN_INFINITE_RECURSION = YES;
				CLANG_WARN_INT_CONVERSION = YES;
				CLANG_WARN_NON_LITERAL_NULL_CONVERSION = YES;
				CLANG_WARN_OBJC_IMPLICIT_RETAIN_SELF = YES;
				CLANG_WARN_OBJC_LITERAL_CONVERSION = YES;
				CLANG_WARN_OBJC_ROOT_CLASS = YES_ERROR;
				CLANG_WARN_RANGE_LOOP_ANALYSIS = YES;
				CLANG_WARN_STRICT_PROTOTYPES = YES;
				CLANG_WARN_SUSPICIOUS_MOVE = YES;
				CLANG_WARN_UNGUARDED_AVAILABILITY = YES_AGGRESSIVE;
				CLANG_WARN_UNREACHABLE_CODE = YES;
				CLANG_WARN__DUPLICATE_METHOD_MATCH = YES;
				CODE_SIGN_IDENTITY = "iPhone Developer";
				COPY_PHASE_STRIP = NO;
				DEBUG_INFORMATION_FORMAT = "dwarf-with-dsym";
				ENABLE_NS_ASSERTIONS = NO;
				ENABLE_STRICT_OBJC_MSGSEND = YES;
				GCC_C_LANGUAGE_STANDARD = gnu11;
				GCC_NO_COMMON_BLOCKS = YES;
				GCC_WARN_64_TO_32_BIT_CONVERSION = YES;
				GCC_WARN_ABOUT_RETURN_TYPE = YES_ERROR;
				GCC_WARN_UNDECLARED_SELECTOR = YES;
				GCC_WARN_UNINITIALIZED_AUTOS = YES_AGGRESSIVE;
				GCC_WARN_UNUSED_FUNCTION = YES;
				GCC_WARN_UNUSED_VARIABLE = YES;
				IPHONEOS_DEPLOYMENT_TARGET = 12.1;
				MTL_ENABLE_DEBUG_INFO = NO;
				MTL_FAST_MATH = YES;
				SDKROOT = iphoneos;
				SWIFT_COMPILATION_MODE = wholemodule;
				SWIFT_OPTIMIZATION_LEVEL = "-O";
				VALIDATE_PRODUCT = YES;
			};
			name = Release;
		};
		FA30DBAE21D9C97300A85EA1 /* Debug */ = {
			isa = XCBuildConfiguration;
			buildSettings = {
				ASSETCATALOG_COMPILER_APPICON_NAME = AppIcon;
				CODE_SIGN_IDENTITY = "iPhone Developer";
				CODE_SIGN_STYLE = Automatic;
				DEVELOPMENT_TEAM = P7J2GV5KE5;
				FRAMEWORK_SEARCH_PATHS = (
					"$(inherited)",
					"$(PROJECT_DIR)/Frameworks",
					"$(PROJECT_DIR)",
				);
				INFOPLIST_FILE = DrBuzzTimer/Info.plist;
				IPHONEOS_DEPLOYMENT_TARGET = 11.3;
				LD_RUNPATH_SEARCH_PATHS = (
					"$(inherited)",
					"@executable_path/Frameworks",
				);
				PRODUCT_BUNDLE_IDENTIFIER = Burkes.DrBuzzTimer.First;
				PRODUCT_NAME = "$(TARGET_NAME)";
				PROVISIONING_PROFILE_SPECIFIER = "";
				SWIFT_VERSION = 4.2;
				TARGETED_DEVICE_FAMILY = "1,2";
			};
			name = Debug;
		};
		FA30DBAF21D9C97300A85EA1 /* Release */ = {
			isa = XCBuildConfiguration;
			buildSettings = {
				ASSETCATALOG_COMPILER_APPICON_NAME = AppIcon;
				CODE_SIGN_IDENTITY = "iPhone Developer";
				CODE_SIGN_STYLE = Automatic;
				DEVELOPMENT_TEAM = P7J2GV5KE5;
				FRAMEWORK_SEARCH_PATHS = (
					"$(inherited)",
					"$(PROJECT_DIR)/Frameworks",
					"$(PROJECT_DIR)",
				);
				INFOPLIST_FILE = DrBuzzTimer/Info.plist;
				IPHONEOS_DEPLOYMENT_TARGET = 11.3;
				LD_RUNPATH_SEARCH_PATHS = (
					"$(inherited)",
					"@executable_path/Frameworks",
				);
				PRODUCT_BUNDLE_IDENTIFIER = Burkes.DrBuzzTimer.First;
				PRODUCT_NAME = "$(TARGET_NAME)";
				PROVISIONING_PROFILE_SPECIFIER = "";
				SWIFT_VERSION = 4.2;
				TARGETED_DEVICE_FAMILY = "1,2";
			};
			name = Release;
		};
/* End XCBuildConfiguration section */

/* Begin XCConfigurationList section */
		FA30DB9621D9C97100A85EA1 /* Build configuration list for PBXProject "DrBuzzTimer" */ = {
			isa = XCConfigurationList;
			buildConfigurations = (
				FA30DBAB21D9C97300A85EA1 /* Debug */,
				FA30DBAC21D9C97300A85EA1 /* Release */,
			);
			defaultConfigurationIsVisible = 0;
			defaultConfigurationName = Release;
		};
		FA30DBAD21D9C97300A85EA1 /* Build configuration list for PBXNativeTarget "DrBuzzTimer" */ = {
			isa = XCConfigurationList;
			buildConfigurations = (
				FA30DBAE21D9C97300A85EA1 /* Debug */,
				FA30DBAF21D9C97300A85EA1 /* Release */,
			);
			defaultConfigurationIsVisible = 0;
			defaultConfigurationName = Release;
		};
/* End XCConfigurationList section */
	};
	rootObject = FA30DB9321D9C97100A85EA1 /* Project object */;
}
